
Microsoft Visual Studio Solution File, Format Version 11.00
# Visual Studio 2010
Project("{FAE04EC0-301F-11D3-BF4B-00C04F79EFBC}") = "Vistas", "Vistas\Vistas.csproj", "{498F1ED5-58E3-4436-9873-E018C3150261}"
EndProject
Project("{FAE04EC0-301F-11D3-BF4B-00C04F79EFBC}") = "ClasesBase", "ClasesBase\ClasesBase.csproj", "{63CC1690-8FD3-4974-B2D1-AB863C3AD114}"
EndProject
Project("{FAE04EC0-301F-11D3-BF4B-00C04F79EFBC}") = "ResourceDictionary", "ResourceDictionary\ResourceDictionary.csproj", "{3769B6A7-1CD1-4B61-88C1-DD332372A515}"
EndProject
Global
	GlobalSection(SolutionConfigurationPlatforms) = preSolution
		Debug|Any CPU = Debug|Any CPU
		Debug|Mixed Platforms = Debug|Mixed Platforms
		Debug|x86 = Debug|x86
		Release|Any CPU = Release|Any CPU
		Release|Mixed Platforms = Release|Mixed Platforms
		Release|x86 = Release|x86
	EndGlobalSection
	GlobalSection(ProjectConfigurationPlatforms) = postSolution
		{498F1ED5-58E3-4436-9873-E018C3150261}.Debug|Any CPU.ActiveCfg = Debug|x86
		{498F1ED5-58E3-4436-9873-E018C3150261}.Debug|Mixed Platforms.ActiveCfg = Debug|x86
		{498F1ED5-58E3-4436-9873-E018C3150261}.Debug|Mixed Platforms.Build.0 = Debug|x86
		{498F1ED5-58E3-4436-9873-E018C3150261}.Debug|x86.ActiveCfg = Debug|x86
		{498F1ED5-58E3-4436-9873-E018C3150261}.Debug|x86.Build.0 = Debug|x86
		{498F1ED5-58E3-4436-9873-E018C3150261}.Release|Any CPU.ActiveCfg = Release|x86
		{498F1ED5-58E3-4436-9873-E018C3150261}.Release|Mixed Platforms.ActiveCfg = Release|x86
		{498F1ED5-58E3-4436-9873-E018C3150261}.Release|Mixed Platforms.Build.0 = Release|x86
		{498F1ED5-58E3-4436-9873-E018C3150261}.Release|x86.ActiveCfg = Release|x86
		{498F1ED5-58E3-4436-9873-E018C3150261}.Release|x86.Build.0 = Release|x86
		{63CC1690-8FD3-4974-B2D1-AB863C3AD114}.Debug|Any CPU.ActiveCfg = Debug|Any CPU
		{63CC1690-8FD3-4974-B2D1-AB863C3AD114}.Debug|Any CPU.Build.0 = Debug|Any CPU
		{63CC1690-8FD3-4974-B2D1-AB863C3AD114}.Debug|Mixed Platforms.ActiveCfg = Debug|Any CPU
		{63CC1690-8FD3-4974-B2D1-AB863C3AD114}.Debug|Mixed Platforms.Build.0 = Debug|Any CPU
		{63CC1690-8FD3-4974-B2D1-AB863C3AD114}.Debug|x86.ActiveCfg = Debug|Any CPU
		{63CC1690-8FD3-4974-B2D1-AB863C3AD114}.Release|Any CPU.ActiveCfg = Release|Any CPU
		{63CC1690-8FD3-4974-B2D1-AB863C3AD114}.Release|Any CPU.Build.0 = Release|Any CPU
		{63CC1690-8FD3-4974-B2D1-AB863C3AD114}.Release|Mixed Platforms.ActiveCfg = Release|Any CPU
		{63CC1690-8FD3-4974-B2D1-AB863C3AD114}.Release|Mixed Platforms.Build.0 = Release|Any CPU
		{63CC1690-8FD3-4974-B2D1-AB863C3AD114}.Release|x86.ActiveCfg = Release|Any CPU
		{3769B6A7-1CD1-4B61-88C1-DD332372A515}.Debug|Any CPU.ActiveCfg = Debug|Any CPU
		{3769B6A7-1CD1-4B61-88C1-DD332372A515}.Debug|Any CPU.Build.0 = Debug|Any CPU
		{3769B6A7-1CD1-4B61-88C1-DD332372A515}.Debug|Mixed Platforms.ActiveCfg = Debug|Any CPU
		{3769B6A7-1CD1-4B61-88C1-DD332372A515}.Debug|Mixed Platforms.Build.0 = Debug|Any CPU
		{3769B6A7-1CD1-4B61-88C1-DD332372A515}.Debug|x86.ActiveCfg = Debug|Any CPU
		{3769B6A7-1CD1-4B61-88C1-DD332372A515}.Release|Any CPU.ActiveCfg = Release|Any CPU
		{3769B6A7-1CD1-4B61-88C1-DD332372A515}.Release|Any CPU.Build.0 = Release|Any CPU
		{3769B6A7-1CD1-4B61-88C1-DD332372A515}.Release|Mixed Platforms.ActiveCfg = Release|Any CPU
		{3769B6A7-1CD1-4B61-88C1-DD332372A515}.Release|Mixed Platforms.Build.0 = Release|Any CPU
		{3769B6A7-1CD1-4B61-88C1-DD332372A515}.Release|x86.ActiveCfg = Release|Any CPU
	EndGlobalSection
	GlobalSection(SolutionProperties) = preSolution
		HideSolutionNode = FALSE
	EndGlobalSection
EndGlobal
